# This file is automatically @generated by Cargo.
# It is not intended for manual editing.
version = 4

[[package]]
name = "aicontext-cli"
version = "0.1.0"
dependencies = [
 "aicontext-context",
 "aicontext-core",
 "aicontext-git",
 "aicontext-testkit",
]

[[package]]
name = "aicontext-context"
version = "0.1.0"
dependencies = [
 "aicontext-core",
 "aicontext-testkit",
]

[[package]]
name = "aicontext-core"
version = "0.1.0"

[[package]]
name = "aicontext-git"
version = "0.1.0"
dependencies = [
 "aicontext-core",
 "aicontext-testkit",
]

[[package]]
name = "aicontext-testkit"
version = "0.1.0"
